
Microsoft Visual Studio Solution File, Format Version 12.00
# Visual Studio Version 17
VisualStudioVersion = 17.11.35327.3
MinimumVisualStudioVersion = 10.0.40219.1
Project("{FAE04EC0-301F-11D3-BF4B-00C04F79EFBC}") = "Spotters", "Spotters\Spotters.csproj", "{F16B4A5C-2D08-47DE-BDC6-6D4F518C3A33}"
EndProject
Global
	GlobalSection(SolutionConfigurationPlatforms) = preSolution
		Debug|Any CPU = Debug|Any CPU
		Release|Any CPU = Release|Any CPU
	EndGlobalSection
	GlobalSection(ProjectConfigurationPlatforms) = postSolution
		{F16B4A5C-2D08-47DE-BDC6-6D4F518C3A33}.Debug|Any CPU.ActiveCfg = Debug|Any CPU
		{F16B4A5C-2D08-47DE-BDC6-6D4F518C3A33}.Debug|Any CPU.Build.0 = Debug|Any CPU
		{F16B4A5C-2D08-47DE-BDC6-6D4F518C3A33}.Release|Any CPU.ActiveCfg = Release|Any CPU
		{F16B4A5C-2D08-47DE-BDC6-6D4F518C3A33}.Release|Any CPU.Build.0 = Release|Any CPU
	EndGlobalSection
	GlobalSection(SolutionProperties) = preSolution
		HideSolutionNode = FALSE
	EndGlobalSection
	GlobalSection(ExtensibilityGlobals) = postSolution
		SolutionGuid = {8D5644C4-86C6-4AFC-B23D-7BD50B6C8A5D}
	EndGlobalSection
EndGlobal
